
Microsoft Visual Studio Solution File, Format Version 12.00
# Visual Studio 2012
Project("{FAE04EC0-301F-11D3-BF4B-00C04F79EFBC}") = "CalculatorMobileApp.Android", "CalculatorMobileApp.Android\CalculatorMobileApp.Android.csproj", "{78450EC0-1783-46E4-87FB-260BD9FC3B78}"
EndProject
Project("{FAE04EC0-301F-11D3-BF4B-00C04F79EFBC}") = "CalculatorMobileApp.iOS", "CalculatorMobileApp.iOS\CalculatorMobileApp.iOS.csproj", "{082ADAAD-0E5A-41FE-B211-72963D1E24C7}"
EndProject
Project("{FAE04EC0-301F-11D3-BF4B-00C04F79EFBC}") = "CalculatorMobileApp", "CalculatorMobileApp\CalculatorMobileApp.csproj", "{3A5BA4CC-9668-4FF7-843E-2B1B3F5CDC68}"
EndProject
Global
	GlobalSection(SolutionConfigurationPlatforms) = preSolution
		Debug|Any CPU = Debug|Any CPU
		Release|Any CPU = Release|Any CPU
		Debug|iPhoneSimulator = Debug|iPhoneSimulator
		Release|iPhoneSimulator = Release|iPhoneSimulator
		Debug|iPhone = Debug|iPhone
		Release|iPhone = Release|iPhone
		Ad-Hoc|iPhone = Ad-Hoc|iPhone
		AppStore|iPhone = AppStore|iPhone
	EndGlobalSection
	GlobalSection(ProjectConfigurationPlatforms) = postSolution
		{78450EC0-1783-46E4-87FB-260BD9FC3B78}.Debug|Any CPU.ActiveCfg = Debug|Any CPU
		{78450EC0-1783-46E4-87FB-260BD9FC3B78}.Debug|Any CPU.Build.0 = Debug|Any CPU
		{78450EC0-1783-46E4-87FB-260BD9FC3B78}.Release|Any CPU.ActiveCfg = Release|Any CPU
		{78450EC0-1783-46E4-87FB-260BD9FC3B78}.Release|Any CPU.Build.0 = Release|Any CPU
		{78450EC0-1783-46E4-87FB-260BD9FC3B78}.Debug|iPhoneSimulator.ActiveCfg = Debug|Any CPU
		{78450EC0-1783-46E4-87FB-260BD9FC3B78}.Debug|iPhoneSimulator.Build.0 = Debug|Any CPU
		{78450EC0-1783-46E4-87FB-260BD9FC3B78}.Release|iPhoneSimulator.ActiveCfg = Release|Any CPU
		{78450EC0-1783-46E4-87FB-260BD9FC3B78}.Release|iPhoneSimulator.Build.0 = Release|Any CPU
		{78450EC0-1783-46E4-87FB-260BD9FC3B78}.Debug|iPhone.ActiveCfg = Debug|Any CPU
		{78450EC0-1783-46E4-87FB-260BD9FC3B78}.Debug|iPhone.Build.0 = Debug|Any CPU
		{78450EC0-1783-46E4-87FB-260BD9FC3B78}.Release|iPhone.ActiveCfg = Release|Any CPU
		{78450EC0-1783-46E4-87FB-260BD9FC3B78}.Release|iPhone.Build.0 = Release|Any CPU
		{78450EC0-1783-46E4-87FB-260BD9FC3B78}.Ad-Hoc|iPhone.ActiveCfg = Debug|Any CPU
		{78450EC0-1783-46E4-87FB-260BD9FC3B78}.Ad-Hoc|iPhone.Build.0 = Debug|Any CPU
		{78450EC0-1783-46E4-87FB-260BD9FC3B78}.AppStore|iPhone.ActiveCfg = Debug|Any CPU
		{78450EC0-1783-46E4-87FB-260BD9FC3B78}.AppStore|iPhone.Build.0 = Debug|Any CPU
		{082ADAAD-0E5A-41FE-B211-72963D1E24C7}.Debug|Any CPU.ActiveCfg = Debug|iPhoneSimulator
		{082ADAAD-0E5A-41FE-B211-72963D1E24C7}.Debug|Any CPU.Build.0 = Debug|iPhoneSimulator
		{082ADAAD-0E5A-41FE-B211-72963D1E24C7}.Release|Any CPU.ActiveCfg = Release|iPhoneSimulator
		{082ADAAD-0E5A-41FE-B211-72963D1E24C7}.Release|Any CPU.Build.0 = Release|iPhoneSimulator
		{082ADAAD-0E5A-41FE-B211-72963D1E24C7}.Debug|iPhoneSimulator.ActiveCfg = Debug|iPhoneSimulator
		{082ADAAD-0E5A-41FE-B211-72963D1E24C7}.Debug|iPhoneSimulator.Build.0 = Debug|iPhoneSimulator
		{082ADAAD-0E5A-41FE-B211-72963D1E24C7}.Release|iPhoneSimulator.ActiveCfg = Release|iPhoneSimulator
		{082ADAAD-0E5A-41FE-B211-72963D1E24C7}.Release|iPhoneSimulator.Build.0 = Release|iPhoneSimulator
		{082ADAAD-0E5A-41FE-B211-72963D1E24C7}.Debug|iPhone.ActiveCfg = Debug|iPhone
		{082ADAAD-0E5A-41FE-B211-72963D1E24C7}.Debug|iPhone.Build.0 = Debug|iPhone
		{082ADAAD-0E5A-41FE-B211-72963D1E24C7}.Release|iPhone.ActiveCfg = Release|iPhone
		{082ADAAD-0E5A-41FE-B211-72963D1E24C7}.Release|iPhone.Build.0 = Release|iPhone
		{082ADAAD-0E5A-41FE-B211-72963D1E24C7}.Ad-Hoc|iPhone.ActiveCfg = Ad-Hoc|iPhone
		{082ADAAD-0E5A-41FE-B211-72963D1E24C7}.Ad-Hoc|iPhone.Build.0 = Ad-Hoc|iPhone
		{082ADAAD-0E5A-41FE-B211-72963D1E24C7}.AppStore|iPhone.ActiveCfg = AppStore|iPhone
		{082ADAAD-0E5A-41FE-B211-72963D1E24C7}.AppStore|iPhone.Build.0 = AppStore|iPhone
		{3A5BA4CC-9668-4FF7-843E-2B1B3F5CDC68}.Debug|Any CPU.ActiveCfg = Debug|Any CPU
		{3A5BA4CC-9668-4FF7-843E-2B1B3F5CDC68}.Debug|Any CPU.Build.0 = Debug|Any CPU
		{3A5BA4CC-9668-4FF7-843E-2B1B3F5CDC68}.Release|Any CPU.ActiveCfg = Release|Any CPU
		{3A5BA4CC-9668-4FF7-843E-2B1B3F5CDC68}.Release|Any CPU.Build.0 = Release|Any CPU
		{3A5BA4CC-9668-4FF7-843E-2B1B3F5CDC68}.Debug|iPhoneSimulator.ActiveCfg = Debug|Any CPU
		{3A5BA4CC-9668-4FF7-843E-2B1B3F5CDC68}.Debug|iPhoneSimulator.Build.0 = Debug|Any CPU
		{3A5BA4CC-9668-4FF7-843E-2B1B3F5CDC68}.Release|iPhoneSimulator.ActiveCfg = Release|Any CPU
		{3A5BA4CC-9668-4FF7-843E-2B1B3F5CDC68}.Release|iPhoneSimulator.Build.0 = Release|Any CPU
		{3A5BA4CC-9668-4FF7-843E-2B1B3F5CDC68}.Debug|iPhone.ActiveCfg = Debug|Any CPU
		{3A5BA4CC-9668-4FF7-843E-2B1B3F5CDC68}.Debug|iPhone.Build.0 = Debug|Any CPU
		{3A5BA4CC-9668-4FF7-843E-2B1B3F5CDC68}.Release|iPhone.ActiveCfg = Release|Any CPU
		{3A5BA4CC-9668-4FF7-843E-2B1B3F5CDC68}.Release|iPhone.Build.0 = Release|Any CPU
		{3A5BA4CC-9668-4FF7-843E-2B1B3F5CDC68}.Ad-Hoc|iPhone.ActiveCfg = Debug|Any CPU
		{3A5BA4CC-9668-4FF7-843E-2B1B3F5CDC68}.Ad-Hoc|iPhone.Build.0 = Debug|Any CPU
		{3A5BA4CC-9668-4FF7-843E-2B1B3F5CDC68}.AppStore|iPhone.ActiveCfg = Debug|Any CPU
		{3A5BA4CC-9668-4FF7-843E-2B1B3F5CDC68}.AppStore|iPhone.Build.0 = Debug|Any CPU
	EndGlobalSection
EndGlobal
